
Microsoft Visual Studio Solution File, Format Version 12.00
# Visual Studio Version 17
VisualStudioVersion = 17.9.34607.119
MinimumVisualStudioVersion = 10.0.40219.1
Project("{FAE04EC0-301F-11D3-BF4B-00C04F79EFBC}") = "4.unite uygulama 12", "4.unite uygulama 12\4.unite uygulama 12.csproj", "{9A279B61-D318-4EC3-8C7B-6ED9E4F4533A}"
EndProject
Global
	GlobalSection(SolutionConfigurationPlatforms) = preSolution
		Debug|Any CPU = Debug|Any CPU
		Release|Any CPU = Release|Any CPU
	EndGlobalSection
	GlobalSection(ProjectConfigurationPlatforms) = postSolution
		{9A279B61-D318-4EC3-8C7B-6ED9E4F4533A}.Debug|Any CPU.ActiveCfg = Debug|Any CPU
		{9A279B61-D318-4EC3-8C7B-6ED9E4F4533A}.Debug|Any CPU.Build.0 = Debug|Any CPU
		{9A279B61-D318-4EC3-8C7B-6ED9E4F4533A}.Release|Any CPU.ActiveCfg = Release|Any CPU
		{9A279B61-D318-4EC3-8C7B-6ED9E4F4533A}.Release|Any CPU.Build.0 = Release|Any CPU
	EndGlobalSection
	GlobalSection(SolutionProperties) = preSolution
		HideSolutionNode = FALSE
	EndGlobalSection
	GlobalSection(ExtensibilityGlobals) = postSolution
		SolutionGuid = {638B2A84-8837-410E-9471-3047750CC41A}
	EndGlobalSection
EndGlobal
